
Microsoft Visual Studio Solution File, Format Version 12.00
# Visual Studio Version 16
VisualStudioVersion = 16.0.30114.105
MinimumVisualStudioVersion = 10.0.40219.1
Project("{FAE04EC0-301F-11D3-BF4B-00C04F79EFBC}") = "API", "API\API.csproj", "{D9BEFCE1-FE3A-43F2-895B-B0CCAF19C418}"
EndProject
Project("{FAE04EC0-301F-11D3-BF4B-00C04F79EFBC}") = "Application", "Application\Application.csproj", "{4F0FFD10-8D62-4799-BBF0-2CA2F2C85310}"
EndProject
Project("{FAE04EC0-301F-11D3-BF4B-00C04F79EFBC}") = "Persistence", "Persistence\Persistence.csproj", "{53F69C1F-C239-48F0-8306-7E86A39003C8}"
EndProject
Project("{FAE04EC0-301F-11D3-BF4B-00C04F79EFBC}") = "Domain", "Domain\Domain.csproj", "{9EC97610-6DED-478B-84A1-E601D52DC96D}"
EndProject
Global
	GlobalSection(SolutionConfigurationPlatforms) = preSolution
		Debug|Any CPU = Debug|Any CPU
		Release|Any CPU = Release|Any CPU
	EndGlobalSection
	GlobalSection(SolutionProperties) = preSolution
		HideSolutionNode = FALSE
	EndGlobalSection
	GlobalSection(ProjectConfigurationPlatforms) = postSolution
		{D9BEFCE1-FE3A-43F2-895B-B0CCAF19C418}.Debug|Any CPU.ActiveCfg = Debug|Any CPU
		{D9BEFCE1-FE3A-43F2-895B-B0CCAF19C418}.Debug|Any CPU.Build.0 = Debug|Any CPU
		{D9BEFCE1-FE3A-43F2-895B-B0CCAF19C418}.Release|Any CPU.ActiveCfg = Release|Any CPU
		{D9BEFCE1-FE3A-43F2-895B-B0CCAF19C418}.Release|Any CPU.Build.0 = Release|Any CPU
		{4F0FFD10-8D62-4799-BBF0-2CA2F2C85310}.Debug|Any CPU.ActiveCfg = Debug|Any CPU
		{4F0FFD10-8D62-4799-BBF0-2CA2F2C85310}.Debug|Any CPU.Build.0 = Debug|Any CPU
		{4F0FFD10-8D62-4799-BBF0-2CA2F2C85310}.Release|Any CPU.ActiveCfg = Release|Any CPU
		{4F0FFD10-8D62-4799-BBF0-2CA2F2C85310}.Release|Any CPU.Build.0 = Release|Any CPU
		{53F69C1F-C239-48F0-8306-7E86A39003C8}.Debug|Any CPU.ActiveCfg = Debug|Any CPU
		{53F69C1F-C239-48F0-8306-7E86A39003C8}.Debug|Any CPU.Build.0 = Debug|Any CPU
		{53F69C1F-C239-48F0-8306-7E86A39003C8}.Release|Any CPU.ActiveCfg = Release|Any CPU
		{53F69C1F-C239-48F0-8306-7E86A39003C8}.Release|Any CPU.Build.0 = Release|Any CPU
		{9EC97610-6DED-478B-84A1-E601D52DC96D}.Debug|Any CPU.ActiveCfg = Debug|Any CPU
		{9EC97610-6DED-478B-84A1-E601D52DC96D}.Debug|Any CPU.Build.0 = Debug|Any CPU
		{9EC97610-6DED-478B-84A1-E601D52DC96D}.Release|Any CPU.ActiveCfg = Release|Any CPU
		{9EC97610-6DED-478B-84A1-E601D52DC96D}.Release|Any CPU.Build.0 = Release|Any CPU
	EndGlobalSection
EndGlobal
